// !$*UTF8*$!
{
	archiveVersion = 1;
	classes = {
	};
	objectVersion = 77;
	objects = {

/* Begin PBXBuildFile section */
		C76D5AD12D171CA4008770F9 /* FirebaseAuth in Frameworks */ = {isa = PBXBuildFile; productRef = C76D5AD02D171CA4008770F9 /* FirebaseAuth */; };
		C76D5AD32D171CA4008770F9 /* FirebaseFirestore in Frameworks */ = {isa = PBXBuildFile; productRef = C76D5AD22D171CA4008770F9 /* FirebaseFirestore */; };
		C785DCC42D15B5A40043D81E /* GoogleService-Info.plist in Resources */ = {isa = PBXBuildFile; fileRef = C785DCC32D15B5A40043D81E /* GoogleService-Info.plist */; };
		C785DCC52D15B5A40043D81E /* GoogleService-Info.plist in Resources */ = {isa = PBXBuildFile; fileRef = C785DCC32D15B5A40043D81E /* GoogleService-Info.plist */; };
		C785DCC62D15B5A40043D81E /* GoogleService-Info.plist in Resources */ = {isa = PBXBuildFile; fileRef = C785DCC32D15B5A40043D81E /* GoogleService-Info.plist */; };
		C79783292D15CD9C00A143CA /* FirebaseAnalytics in Frameworks */ = {isa = PBXBuildFile; productRef = C79783282D15CD9C00A143CA /* FirebaseAnalytics */; };
		C797832B2D15CD9C00A143CA /* FirebaseAnalyticsOnDeviceConversion in Frameworks */ = {isa = PBXBuildFile; productRef = C797832A2D15CD9C00A143CA /* FirebaseAnalyticsOnDeviceConversion */; };
		C797832D2D15CD9C00A143CA /* FirebaseAnalyticsWithoutAdIdSupport in Frameworks */ = {isa = PBXBuildFile; productRef = C797832C2D15CD9C00A143CA /* FirebaseAnalyticsWithoutAdIdSupport */; };
		C797832F2D15CD9C00A143CA /* FirebaseAppCheck in Frameworks */ = {isa = PBXBuildFile; productRef = C797832E2D15CD9C00A143CA /* FirebaseAppCheck */; };
		C79783312D15CD9C00A143CA /* FirebaseAppDistribution-Beta in Frameworks */ = {isa = PBXBuildFile; productRef = C79783302D15CD9C00A143CA /* FirebaseAppDistribution-Beta */; };
		C79783372D15D4B400A143CA /* GoogleSignIn in Frameworks */ = {isa = PBXBuildFile; productRef = C79783362D15D4B400A143CA /* GoogleSignIn */; };
		C79783392D15D4B400A143CA /* GoogleSignInSwift in Frameworks */ = {isa = PBXBuildFile; productRef = C79783382D15D4B400A143CA /* GoogleSignInSwift */; };
/* End PBXBuildFile section */

/* Begin PBXContainerItemProxy section */
		C7AAD89C2CA8149D00E7FF31 /* PBXContainerItemProxy */ = {
			isa = PBXContainerItemProxy;
			containerPortal = C7AAD8832CA8149C00E7FF31 /* Project object */;
			proxyType = 1;
			remoteGlobalIDString = C7AAD88A2CA8149C00E7FF31;
			remoteInfo = MarvelAppIosDev;
		};
		C7AAD8A62CA8149D00E7FF31 /* PBXContainerItemProxy */ = {
			isa = PBXContainerItemProxy;
			containerPortal = C7AAD8832CA8149C00E7FF31 /* Project object */;
			proxyType = 1;
			remoteGlobalIDString = C7AAD88A2CA8149C00E7FF31;
			remoteInfo = MarvelAppIosDev;
		};
/* End PBXContainerItemProxy section */

/* Begin PBXFileReference section */
		C785DCC32D15B5A40043D81E /* GoogleService-Info.plist */ = {isa = PBXFileReference; lastKnownFileType = text.plist.xml; path = "GoogleService-Info.plist"; sourceTree = "<group>"; };
		C7AAD88B2CA8149C00E7FF31 /* MarvelAppIosDev.app */ = {isa = PBXFileReference; explicitFileType = wrapper.application; includeInIndex = 0; path = MarvelAppIosDev.app; sourceTree = BUILT_PRODUCTS_DIR; };
		C7AAD89B2CA8149D00E7FF31 /* MarvelAppIosDevTests.xctest */ = {isa = PBXFileReference; explicitFileType = wrapper.cfbundle; includeInIndex = 0; path = MarvelAppIosDevTests.xctest; sourceTree = BUILT_PRODUCTS_DIR; };
		C7AAD8A52CA8149D00E7FF31 /* MarvelAppIosDevUITests.xctest */ = {isa = PBXFileReference; explicitFileType = wrapper.cfbundle; includeInIndex = 0; path = MarvelAppIosDevUITests.xctest; sourceTree = BUILT_PRODUCTS_DIR; };
/* End PBXFileReference section */

/* Begin PBXFileSystemSynchronizedBuildFileExceptionSet section */
		C797833B2D15DEFF00A143CA /* Exceptions for "MarvelAppIosDev" folder in "MarvelAppIosDev" target */ = {
			isa = PBXFileSystemSynchronizedBuildFileExceptionSet;
			membershipExceptions = (
				Info.plist,
			);
			target = C7AAD88A2CA8149C00E7FF31 /* MarvelAppIosDev */;
		};
/* End PBXFileSystemSynchronizedBuildFileExceptionSet section */

/* Begin PBXFileSystemSynchronizedRootGroup section */
		C7AAD88D2CA8149C00E7FF31 /* MarvelAppIosDev */ = {
			isa = PBXFileSystemSynchronizedRootGroup;
			exceptions = (
				C797833B2D15DEFF00A143CA /* Exceptions for "MarvelAppIosDev" folder in "MarvelAppIosDev" target */,
			);
			path = MarvelAppIosDev;
			sourceTree = "<group>";
		};
		C7AAD89E2CA8149D00E7FF31 /* MarvelAppIosDevTests */ = {
			isa = PBXFileSystemSynchronizedRootGroup;
			path = MarvelAppIosDevTests;
			sourceTree = "<group>";
		};
		C7AAD8A82CA8149D00E7FF31 /* MarvelAppIosDevUITests */ = {
			isa = PBXFileSystemSynchronizedRootGroup;
			path = MarvelAppIosDevUITests;
			sourceTree = "<group>";
		};
/* End PBXFileSystemSynchronizedRootGroup section */

/* Begin PBXFrameworksBuildPhase section */
		C7AAD8882CA8149C00E7FF31 /* Frameworks */ = {
			isa = PBXFrameworksBuildPhase;
			buildActionMask = 2147483647;
			files = (
				C797832F2D15CD9C00A143CA /* FirebaseAppCheck in Frameworks */,
				C79783292D15CD9C00A143CA /* FirebaseAnalytics in Frameworks */,
				C79783392D15D4B400A143CA /* GoogleSignInSwift in Frameworks */,
				C79783312D15CD9C00A143CA /* FirebaseAppDistribution-Beta in Frameworks */,
				C797832D2D15CD9C00A143CA /* FirebaseAnalyticsWithoutAdIdSupport in Frameworks */,
				C76D5AD32D171CA4008770F9 /* FirebaseFirestore in Frameworks */,
				C797832B2D15CD9C00A143CA /* FirebaseAnalyticsOnDeviceConversion in Frameworks */,
				C79783372D15D4B400A143CA /* GoogleSignIn in Frameworks */,
				C76D5AD12D171CA4008770F9 /* FirebaseAuth in Frameworks */,
			);
			runOnlyForDeploymentPostprocessing = 0;
		};
		C7AAD8982CA8149D00E7FF31 /* Frameworks */ = {
			isa = PBXFrameworksBuildPhase;
			buildActionMask = 2147483647;
			files = (
			);
			runOnlyForDeploymentPostprocessing = 0;
		};
		C7AAD8A22CA8149D00E7FF31 /* Frameworks */ = {
			isa = PBXFrameworksBuildPhase;
			buildActionMask = 2147483647;
			files = (
			);
			runOnlyForDeploymentPostprocessing = 0;
		};
/* End PBXFrameworksBuildPhase section */

/* Begin PBXGroup section */
		C7AAD8822CA8149C00E7FF31 = {
			isa = PBXGroup;
			children = (
				C7AAD88D2CA8149C00E7FF31 /* MarvelAppIosDev */,
				C7AAD89E2CA8149D00E7FF31 /* MarvelAppIosDevTests */,
				C7AAD8A82CA8149D00E7FF31 /* MarvelAppIosDevUITests */,
				C7AAD88C2CA8149C00E7FF31 /* Products */,
				C785DCC32D15B5A40043D81E /* GoogleService-Info.plist */,
			);
			sourceTree = "<group>";
		};
		C7AAD88C2CA8149C00E7FF31 /* Products */ = {
			isa = PBXGroup;
			children = (
				C7AAD88B2CA8149C00E7FF31 /* MarvelAppIosDev.app */,
				C7AAD89B2CA8149D00E7FF31 /* MarvelAppIosDevTests.xctest */,
				C7AAD8A52CA8149D00E7FF31 /* MarvelAppIosDevUITests.xctest */,
			);
			name = Products;
			sourceTree = "<group>";
		};
/* End PBXGroup section */

/* Begin PBXNativeTarget section */
		C7AAD88A2CA8149C00E7FF31 /* MarvelAppIosDev */ = {
			isa = PBXNativeTarget;
			buildConfigurationList = C7AAD8AF2CA8149D00E7FF31 /* Build configuration list for PBXNativeTarget "MarvelAppIosDev" */;
			buildPhases = (
				C7AAD8872CA8149C00E7FF31 /* Sources */,
				C7AAD8882CA8149C00E7FF31 /* Frameworks */,
				C7AAD8892CA8149C00E7FF31 /* Resources */,
			);
			buildRules = (
			);
			dependencies = (
			);
			fileSystemSynchronizedGroups = (
				C7AAD88D2CA8149C00E7FF31 /* MarvelAppIosDev */,
			);
			name = MarvelAppIosDev;
			packageProductDependencies = (
				C79783282D15CD9C00A143CA /* FirebaseAnalytics */,
				C797832A2D15CD9C00A143CA /* FirebaseAnalyticsOnDeviceConversion */,
				C797832C2D15CD9C00A143CA /* FirebaseAnalyticsWithoutAdIdSupport */,
				C797832E2D15CD9C00A143CA /* FirebaseAppCheck */,
				C79783302D15CD9C00A143CA /* FirebaseAppDistribution-Beta */,
				C79783362D15D4B400A143CA /* GoogleSignIn */,
				C79783382D15D4B400A143CA /* GoogleSignInSwift */,
				C76D5AD02D171CA4008770F9 /* FirebaseAuth */,
				C76D5AD22D171CA4008770F9 /* FirebaseFirestore */,
			);
			productName = MarvelAppIosDev;
			productReference = C7AAD88B2CA8149C00E7FF31 /* MarvelAppIosDev.app */;
			productType = "com.apple.product-type.application";
		};
		C7AAD89A2CA8149D00E7FF31 /* MarvelAppIosDevTests */ = {
			isa = PBXNativeTarget;
			buildConfigurationList = C7AAD8B22CA8149D00E7FF31 /* Build configuration list for PBXNativeTarget "MarvelAppIosDevTests" */;
			buildPhases = (
				C7AAD8972CA8149D00E7FF31 /* Sources */,
				C7AAD8982CA8149D00E7FF31 /* Frameworks */,
				C7AAD8992CA8149D00E7FF31 /* Resources */,
			);
			buildRules = (
			);
			dependencies = (
				C7AAD89D2CA8149D00E7FF31 /* PBXTargetDependency */,
			);
			fileSystemSynchronizedGroups = (
				C7AAD89E2CA8149D00E7FF31 /* MarvelAppIosDevTests */,
			);
			name = MarvelAppIosDevTests;
			packageProductDependencies = (
			);
			productName = MarvelAppIosDevTests;
			productReference = C7AAD89B2CA8149D00E7FF31 /* MarvelAppIosDevTests.xctest */;
			productType = "com.apple.product-type.bundle.unit-test";
		};
		C7AAD8A42CA8149D00E7FF31 /* MarvelAppIosDevUITests */ = {
			isa = PBXNativeTarget;
			buildConfigurationList = C7AAD8B52CA8149D00E7FF31 /* Build configuration list for PBXNativeTarget "MarvelAppIosDevUITests" */;
			buildPhases = (
				C7AAD8A12CA8149D00E7FF31 /* Sources */,
				C7AAD8A22CA8149D00E7FF31 /* Frameworks */,
				C7AAD8A32CA8149D00E7FF31 /* Resources */,
			);
			buildRules = (
			);
			dependencies = (
				C7AAD8A72CA8149D00E7FF31 /* PBXTargetDependency */,
			);
			fileSystemSynchronizedGroups = (
				C7AAD8A82CA8149D00E7FF31 /* MarvelAppIosDevUITests */,
			);
			name = MarvelAppIosDevUITests;
			packageProductDependencies = (
			);
			productName = MarvelAppIosDevUITests;
			productReference = C7AAD8A52CA8149D00E7FF31 /* MarvelAppIosDevUITests.xctest */;
			productType = "com.apple.product-type.bundle.ui-testing";
		};
/* End PBXNativeTarget section */

/* Begin PBXProject section */
		C7AAD8832CA8149C00E7FF31 /* Project object */ = {
			isa = PBXProject;
			attributes = {
				BuildIndependentTargetsInParallel = 1;
				LastSwiftUpdateCheck = 1600;
				LastUpgradeCheck = 1600;
				TargetAttributes = {
					C7AAD88A2CA8149C00E7FF31 = {
						CreatedOnToolsVersion = 16.0;
					};
					C7AAD89A2CA8149D00E7FF31 = {
						CreatedOnToolsVersion = 16.0;
						TestTargetID = C7AAD88A2CA8149C00E7FF31;
					};
					C7AAD8A42CA8149D00E7FF31 = {
						CreatedOnToolsVersion = 16.0;
						TestTargetID = C7AAD88A2CA8149C00E7FF31;
					};
				};
			};
			buildConfigurationList = C7AAD8862CA8149C00E7FF31 /* Build configuration list for PBXProject "MarvelAppIosDev" */;
			developmentRegion = en;
			hasScannedForEncodings = 0;
			knownRegions = (
				en,
				Base,
			);
			mainGroup = C7AAD8822CA8149C00E7FF31;
			minimizedProjectReferenceProxies = 1;
			packageReferences = (
				C798FCED2D15C5380029A9B9 /* XCRemoteSwiftPackageReference "firebase-ios-sdk" */,
				C79783352D15D4B400A143CA /* XCRemoteSwiftPackageReference "GoogleSignIn-iOS" */,
			);
			preferredProjectObjectVersion = 77;
			productRefGroup = C7AAD88C2CA8149C00E7FF31 /* Products */;
			projectDirPath = "";
			projectRoot = "";
			targets = (
				C7AAD88A2CA8149C00E7FF31 /* MarvelAppIosDev */,
				C7AAD89A2CA8149D00E7FF31 /* MarvelAppIosDevTests */,
				C7AAD8A42CA8149D00E7FF31 /* MarvelAppIosDevUITests */,
			);
		};
/* End PBXProject section */

/* Begin PBXResourcesBuildPhase section */
		C7AAD8892CA8149C00E7FF31 /* Resources */ = {
			isa = PBXResourcesBuildPhase;
			buildActionMask = 2147483647;
			files = (
				C785DCC62D15B5A40043D81E /* GoogleService-Info.plist in Resources */,
			);
			runOnlyForDeploymentPostprocessing = 0;
		};
		C7AAD8992CA8149D00E7FF31 /* Resources */ = {
			isa = PBXResourcesBuildPhase;
			buildActionMask = 2147483647;
			files = (
				C785DCC52D15B5A40043D81E /* GoogleService-Info.plist in Resources */,
			);
			runOnlyForDeploymentPostprocessing = 0;
		};
		C7AAD8A32CA8149D00E7FF31 /* Resources */ = {
			isa = PBXResourcesBuildPhase;
			buildActionMask = 2147483647;
			files = (
				C785DCC42D15B5A40043D81E /* GoogleService-Info.plist in Resources */,
			);
			runOnlyForDeploymentPostprocessing = 0;
		};
/* End PBXResourcesBuildPhase section */

/* Begin PBXSourcesBuildPhase section */
		C7AAD8872CA8149C00E7FF31 /* Sources */ = {
			isa = PBXSourcesBuildPhase;
			buildActionMask = 2147483647;
			files = (
			);
			runOnlyForDeploymentPostprocessing = 0;
		};
		C7AAD8972CA8149D00E7FF31 /* Sources */ = {
			isa = PBXSourcesBuildPhase;
			buildActionMask = 2147483647;
			files = (
			);
			runOnlyForDeploymentPostprocessing = 0;
		};
		C7AAD8A12CA8149D00E7FF31 /* Sources */ = {
			isa = PBXSourcesBuildPhase;
			buildActionMask = 2147483647;
			files = (
			);
			runOnlyForDeploymentPostprocessing = 0;
		};
/* End PBXSourcesBuildPhase section */

/* Begin PBXTargetDependency section */
		C7AAD89D2CA8149D00E7FF31 /* PBXTargetDependency */ = {
			isa = PBXTargetDependency;
			target = C7AAD88A2CA8149C00E7FF31 /* MarvelAppIosDev */;
			targetProxy = C7AAD89C2CA8149D00E7FF31 /* PBXContainerItemProxy */;
		};
		C7AAD8A72CA8149D00E7FF31 /* PBXTargetDependency */ = {
			isa = PBXTargetDependency;
			target = C7AAD88A2CA8149C00E7FF31 /* MarvelAppIosDev */;
			targetProxy = C7AAD8A62CA8149D00E7FF31 /* PBXContainerItemProxy */;
		};
/* End PBXTargetDependency section */

/* Begin XCBuildConfiguration section */
		C7AAD8AD2CA8149D00E7FF31 /* Debug */ = {
			isa = XCBuildConfiguration;
			buildSettings = {
				ALWAYS_SEARCH_USER_PATHS = NO;
				ASSETCATALOG_COMPILER_GENERATE_SWIFT_ASSET_SYMBOL_EXTENSIONS = YES;
				CLANG_ANALYZER_NONNULL = YES;
				CLANG_ANALYZER_NUMBER_OBJECT_CONVERSION = YES_AGGRESSIVE;
				CLANG_CXX_LANGUAGE_STANDARD = "gnu++20";
				CLANG_ENABLE_MODULES = YES;
				CLANG_ENABLE_OBJC_ARC = YES;
				CLANG_ENABLE_OBJC_WEAK = YES;
				CLANG_WARN_BLOCK_CAPTURE_AUTORELEASING = YES;
				CLANG_WARN_BOOL_CONVERSION = YES;
				CLANG_WARN_COMMA = YES;
				CLANG_WARN_CONSTANT_CONVERSION = YES;
				CLANG_WARN_DEPRECATED_OBJC_IMPLEMENTATIONS = YES;
				CLANG_WARN_DIRECT_OBJC_ISA_USAGE = YES_ERROR;
				CLANG_WARN_DOCUMENTATION_COMMENTS = YES;
				CLANG_WARN_EMPTY_BODY = YES;
				CLANG_WARN_ENUM_CONVERSION = YES;
				CLANG_WARN_INFINITE_RECURSION = YES;
				CLANG_WARN_INT_CONVERSION = YES;
				CLANG_WARN_NON_LITERAL_NULL_CONVERSION = YES;
				CLANG_WARN_OBJC_IMPLICIT_RETAIN_SELF = YES;
				CLANG_WARN_OBJC_LITERAL_CONVERSION = YES;
				CLANG_WARN_OBJC_ROOT_CLASS = YES_ERROR;
				CLANG_WARN_QUOTED_INCLUDE_IN_FRAMEWORK_HEADER = YES;
				CLANG_WARN_RANGE_LOOP_ANALYSIS = YES;
				CLANG_WARN_STRICT_PROTOTYPES = YES;
				CLANG_WARN_SUSPICIOUS_MOVE = YES;
				CLANG_WARN_UNGUARDED_AVAILABILITY = YES_AGGRESSIVE;
				CLANG_WARN_UNREACHABLE_CODE = YES;
				CLANG_WARN__DUPLICATE_METHOD_MATCH = YES;
				COPY_PHASE_STRIP = NO;
				DEBUG_INFORMATION_FORMAT = dwarf;
				ENABLE_STRICT_OBJC_MSGSEND = YES;
				ENABLE_TESTABILITY = YES;
				ENABLE_USER_SCRIPT_SANDBOXING = YES;
				GCC_C_LANGUAGE_STANDARD = gnu17;
				GCC_DYNAMIC_NO_PIC = NO;
				GCC_NO_COMMON_BLOCKS = YES;
				GCC_OPTIMIZATION_LEVEL = 0;
				GCC_PREPROCESSOR_DEFINITIONS = (
					"DEBUG=1",
					"$(inherited)",
				);
				GCC_WARN_64_TO_32_BIT_CONVERSION = YES;
				GCC_WARN_ABOUT_RETURN_TYPE = YES_ERROR;
				GCC_WARN_UNDECLARED_SELECTOR = YES;
				GCC_WARN_UNINITIALIZED_AUTOS = YES_AGGRESSIVE;
				GCC_WARN_UNUSED_FUNCTION = YES;
				GCC_WARN_UNUSED_VARIABLE = YES;
				IPHONEOS_DEPLOYMENT_TARGET = 18.0;
				LOCALIZATION_PREFERS_STRING_CATALOGS = YES;
				MTL_ENABLE_DEBUG_INFO = INCLUDE_SOURCE;
				MTL_FAST_MATH = YES;
				ONLY_ACTIVE_ARCH = YES;
				SDKROOT = iphoneos;
				SWIFT_ACTIVE_COMPILATION_CONDITIONS = "DEBUG $(inherited)";
				SWIFT_OPTIMIZATION_LEVEL = "-Onone";
			};
			name = Debug;
		};
		C7AAD8AE2CA8149D00E7FF31 /* Release */ = {
			isa = XCBuildConfiguration;
			buildSettings = {
				ALWAYS_SEARCH_USER_PATHS = NO;
				ASSETCATALOG_COMPILER_GENERATE_SWIFT_ASSET_SYMBOL_EXTENSIONS = YES;
				CLANG_ANALYZER_NONNULL = YES;
				CLANG_ANALYZER_NUMBER_OBJECT_CONVERSION = YES_AGGRESSIVE;
				CLANG_CXX_LANGUAGE_STANDARD = "gnu++20";
				CLANG_ENABLE_MODULES = YES;
				CLANG_ENABLE_OBJC_ARC = YES;
				CLANG_ENABLE_OBJC_WEAK = YES;
				CLANG_WARN_BLOCK_CAPTURE_AUTORELEASING = YES;
				CLANG_WARN_BOOL_CONVERSION = YES;
				CLANG_WARN_COMMA = YES;
				CLANG_WARN_CONSTANT_CONVERSION = YES;
				CLANG_WARN_DEPRECATED_OBJC_IMPLEMENTATIONS = YES;
				CLANG_WARN_DIRECT_OBJC_ISA_USAGE = YES_ERROR;
				CLANG_WARN_DOCUMENTATION_COMMENTS = YES;
				CLANG_WARN_EMPTY_BODY = YES;
				CLANG_WARN_ENUM_CONVERSION = YES;
				CLANG_WARN_INFINITE_RECURSION = YES;
				CLANG_WARN_INT_CONVERSION = YES;
				CLANG_WARN_NON_LITERAL_NULL_CONVERSION = YES;
				CLANG_WARN_OBJC_IMPLICIT_RETAIN_SELF = YES;
				CLANG_WARN_OBJC_LITERAL_CONVERSION = YES;
				CLANG_WARN_OBJC_ROOT_CLASS = YES_ERROR;
				CLANG_WARN_QUOTED_INCLUDE_IN_FRAMEWORK_HEADER = YES;
				CLANG_WARN_RANGE_LOOP_ANALYSIS = YES;
				CLANG_WARN_STRICT_PROTOTYPES = YES;
				CLANG_WARN_SUSPICIOUS_MOVE = YES;
				CLANG_WARN_UNGUARDED_AVAILABILITY = YES_AGGRESSIVE;
				CLANG_WARN_UNREACHABLE_CODE = YES;
				CLANG_WARN__DUPLICATE_METHOD_MATCH = YES;
				COPY_PHASE_STRIP = NO;
				DEBUG_INFORMATION_FORMAT = "dwarf-with-dsym";
				ENABLE_NS_ASSERTIONS = NO;
				ENABLE_STRICT_OBJC_MSGSEND = YES;
				ENABLE_USER_SCRIPT_SANDBOXING = YES;
				GCC_C_LANGUAGE_STANDARD = gnu17;
				GCC_NO_COMMON_BLOCKS = YES;
				GCC_WARN_64_TO_32_BIT_CONVERSION = YES;
				GCC_WARN_ABOUT_RETURN_TYPE = YES_ERROR;
				GCC_WARN_UNDECLARED_SELECTOR = YES;
				GCC_WARN_UNINITIALIZED_AUTOS = YES_AGGRESSIVE;
				GCC_WARN_UNUSED_FUNCTION = YES;
				GCC_WARN_UNUSED_VARIABLE = YES;
				IPHONEOS_DEPLOYMENT_TARGET = 18.0;
				LOCALIZATION_PREFERS_STRING_CATALOGS = YES;
				MTL_ENABLE_DEBUG_INFO = NO;
				MTL_FAST_MATH = YES;
				SDKROOT = iphoneos;
				SWIFT_COMPILATION_MODE = wholemodule;
				VALIDATE_PRODUCT = YES;
			};
			name = Release;
		};
		C7AAD8B02CA8149D00E7FF31 /* Debug */ = {
			isa = XCBuildConfiguration;
			buildSettings = {
				ASSETCATALOG_COMPILER_APPICON_NAME = AppIcon;
				ASSETCATALOG_COMPILER_GLOBAL_ACCENT_COLOR_NAME = AccentColor;
				CODE_SIGN_STYLE = Automatic;
				CURRENT_PROJECT_VERSION = 1;
				DEVELOPMENT_ASSET_PATHS = "\"MarvelAppIosDev/Preview Content\"";
				DEVELOPMENT_TEAM = WTBZC7Z268;
				ENABLE_PREVIEWS = YES;
				GENERATE_INFOPLIST_FILE = YES;
				INFOPLIST_FILE = MarvelAppIosDev/Info.plist;
				INFOPLIST_KEY_UIApplicationSceneManifest_Generation = YES;
				INFOPLIST_KEY_UIApplicationSupportsIndirectInputEvents = YES;
				INFOPLIST_KEY_UILaunchScreen_Generation = YES;
				INFOPLIST_KEY_UISupportedInterfaceOrientations_iPad = "UIInterfaceOrientationPortrait UIInterfaceOrientationPortraitUpsideDown UIInterfaceOrientationLandscapeLeft UIInterfaceOrientationLandscapeRight";
				INFOPLIST_KEY_UISupportedInterfaceOrientations_iPhone = "UIInterfaceOrientationPortrait UIInterfaceOrientationLandscapeLeft UIInterfaceOrientationLandscapeRight";
				LD_RUNPATH_SEARCH_PATHS = (
					"$(inherited)",
					"@executable_path/Frameworks",
				);
				MARKETING_VERSION = 1.0;
				PRODUCT_BUNDLE_IDENTIFIER = com.jensm.MarvelAppIosDev;
				PRODUCT_NAME = "$(TARGET_NAME)";
				SWIFT_EMIT_LOC_STRINGS = YES;
				SWIFT_VERSION = 5.0;
				TARGETED_DEVICE_FAMILY = "1,2";
			};
			name = Debug;
		};
		C7AAD8B12CA8149D00E7FF31 /* Release */ = {
			isa = XCBuildConfiguration;
			buildSettings = {
				ASSETCATALOG_COMPILER_APPICON_NAME = AppIcon;
				ASSETCATALOG_COMPILER_GLOBAL_ACCENT_COLOR_NAME = AccentColor;
				CODE_SIGN_STYLE = Automatic;
				CURRENT_PROJECT_VERSION = 1;
				DEVELOPMENT_ASSET_PATHS = "\"MarvelAppIosDev/Preview Content\"";
				DEVELOPMENT_TEAM = WTBZC7Z268;
				ENABLE_PREVIEWS = YES;
				GENERATE_INFOPLIST_FILE = YES;
				INFOPLIST_FILE = MarvelAppIosDev/Info.plist;
				INFOPLIST_KEY_UIApplicationSceneManifest_Generation = YES;
				INFOPLIST_KEY_UIApplicationSupportsIndirectInputEvents = YES;
				INFOPLIST_KEY_UILaunchScreen_Generation = YES;
				INFOPLIST_KEY_UISupportedInterfaceOrientations_iPad = "UIInterfaceOrientationPortrait UIInterfaceOrientationPortraitUpsideDown UIInterfaceOrientationLandscapeLeft UIInterfaceOrientationLandscapeRight";
				INFOPLIST_KEY_UISupportedInterfaceOrientations_iPhone = "UIInterfaceOrientationPortrait UIInterfaceOrientationLandscapeLeft UIInterfaceOrientationLandscapeRight";
				LD_RUNPATH_SEARCH_PATHS = (
					"$(inherited)",
					"@executable_path/Frameworks",
				);
				MARKETING_VERSION = 1.0;
				PRODUCT_BUNDLE_IDENTIFIER = com.jensm.MarvelAppIosDev;
				PRODUCT_NAME = "$(TARGET_NAME)";
				SWIFT_EMIT_LOC_STRINGS = YES;
				SWIFT_VERSION = 5.0;
				TARGETED_DEVICE_FAMILY = "1,2";
			};
			name = Release;
		};
		C7AAD8B32CA8149D00E7FF31 /* Debug */ = {
			isa = XCBuildConfiguration;
			buildSettings = {
				BUNDLE_LOADER = "$(TEST_HOST)";
				CODE_SIGN_STYLE = Automatic;
				CURRENT_PROJECT_VERSION = 1;
				GENERATE_INFOPLIST_FILE = YES;
				IPHONEOS_DEPLOYMENT_TARGET = 18.0;
				MARKETING_VERSION = 1.0;
				PRODUCT_BUNDLE_IDENTIFIER = com.jensm.MarvelAppIosDevTests;
				PRODUCT_NAME = "$(TARGET_NAME)";
				SWIFT_EMIT_LOC_STRINGS = NO;
				SWIFT_VERSION = 5.0;
				TARGETED_DEVICE_FAMILY = "1,2";
				TEST_HOST = "$(BUILT_PRODUCTS_DIR)/MarvelAppIosDev.app/$(BUNDLE_EXECUTABLE_FOLDER_PATH)/MarvelAppIosDev";
			};
			name = Debug;
		};
		C7AAD8B42CA8149D00E7FF31 /* Release */ = {
			isa = XCBuildConfiguration;
			buildSettings = {
				BUNDLE_LOADER = "$(TEST_HOST)";
				CODE_SIGN_STYLE = Automatic;
				CURRENT_PROJECT_VERSION = 1;
				GENERATE_INFOPLIST_FILE = YES;
				IPHONEOS_DEPLOYMENT_TARGET = 18.0;
				MARKETING_VERSION = 1.0;
				PRODUCT_BUNDLE_IDENTIFIER = com.jensm.MarvelAppIosDevTests;
				PRODUCT_NAME = "$(TARGET_NAME)";
				SWIFT_EMIT_LOC_STRINGS = NO;
				SWIFT_VERSION = 5.0;
				TARGETED_DEVICE_FAMILY = "1,2";
				TEST_HOST = "$(BUILT_PRODUCTS_DIR)/MarvelAppIosDev.app/$(BUNDLE_EXECUTABLE_FOLDER_PATH)/MarvelAppIosDev";
			};
			name = Release;
		};
		C7AAD8B62CA8149D00E7FF31 /* Debug */ = {
			isa = XCBuildConfiguration;
			buildSettings = {
				CODE_SIGN_STYLE = Automatic;
				CURRENT_PROJECT_VERSION = 1;
				GENERATE_INFOPLIST_FILE = YES;
				MARKETING_VERSION = 1.0;
				PRODUCT_BUNDLE_IDENTIFIER = com.jensm.MarvelAppIosDevUITests;
				PRODUCT_NAME = "$(TARGET_NAME)";
				SWIFT_EMIT_LOC_STRINGS = NO;
				SWIFT_VERSION = 5.0;
				TARGETED_DEVICE_FAMILY = "1,2";
				TEST_TARGET_NAME = MarvelAppIosDev;
			};
			name = Debug;
		};
		C7AAD8B72CA8149D00E7FF31 /* Release */ = {
			isa = XCBuildConfiguration;
			buildSettings = {
				CODE_SIGN_STYLE = Automatic;
				CURRENT_PROJECT_VERSION = 1;
				GENERATE_INFOPLIST_FILE = YES;
				MARKETING_VERSION = 1.0;
				PRODUCT_BUNDLE_IDENTIFIER = com.jensm.MarvelAppIosDevUITests;
				PRODUCT_NAME = "$(TARGET_NAME)";
				SWIFT_EMIT_LOC_STRINGS = NO;
				SWIFT_VERSION = 5.0;
				TARGETED_DEVICE_FAMILY = "1,2";
				TEST_TARGET_NAME = MarvelAppIosDev;
			};
			name = Release;
		};
/* End XCBuildConfiguration section */

/* Begin XCConfigurationList section */
		C7AAD8862CA8149C00E7FF31 /* Build configuration list for PBXProject "MarvelAppIosDev" */ = {
			isa = XCConfigurationList;
			buildConfigurations = (
				C7AAD8AD2CA8149D00E7FF31 /* Debug */,
				C7AAD8AE2CA8149D00E7FF31 /* Release */,
			);
			defaultConfigurationIsVisible = 0;
			defaultConfigurationName = Release;
		};
		C7AAD8AF2CA8149D00E7FF31 /* Build configuration list for PBXNativeTarget "MarvelAppIosDev" */ = {
			isa = XCConfigurationList;
			buildConfigurations = (
				C7AAD8B02CA8149D00E7FF31 /* Debug */,
				C7AAD8B12CA8149D00E7FF31 /* Release */,
			);
			defaultConfigurationIsVisible = 0;
			defaultConfigurationName = Release;
		};
		C7AAD8B22CA8149D00E7FF31 /* Build configuration list for PBXNativeTarget "MarvelAppIosDevTests" */ = {
			isa = XCConfigurationList;
			buildConfigurations = (
				C7AAD8B32CA8149D00E7FF31 /* Debug */,
				C7AAD8B42CA8149D00E7FF31 /* Release */,
			);
			defaultConfigurationIsVisible = 0;
			defaultConfigurationName = Release;
		};
		C7AAD8B52CA8149D00E7FF31 /* Build configuration list for PBXNativeTarget "MarvelAppIosDevUITests" */ = {
			isa = XCConfigurationList;
			buildConfigurations = (
				C7AAD8B62CA8149D00E7FF31 /* Debug */,
				C7AAD8B72CA8149D00E7FF31 /* Release */,
			);
			defaultConfigurationIsVisible = 0;
			defaultConfigurationName = Release;
		};
/* End XCConfigurationList section */

/* Begin XCRemoteSwiftPackageReference section */
		C79783352D15D4B400A143CA /* XCRemoteSwiftPackageReference "GoogleSignIn-iOS" */ = {
			isa = XCRemoteSwiftPackageReference;
			repositoryURL = "https://github.com/google/GoogleSignIn-iOS";
			requirement = {
				kind = upToNextMajorVersion;
				minimumVersion = 8.0.0;
			};
		};
		C798FCED2D15C5380029A9B9 /* XCRemoteSwiftPackageReference "firebase-ios-sdk" */ = {
			isa = XCRemoteSwiftPackageReference;
			repositoryURL = "https://github.com/firebase/firebase-ios-sdk";
			requirement = {
				kind = upToNextMajorVersion;
				minimumVersion = 11.6.0;
			};
		};
/* End XCRemoteSwiftPackageReference section */

/* Begin XCSwiftPackageProductDependency section */
		C76D5AD02D171CA4008770F9 /* FirebaseAuth */ = {
			isa = XCSwiftPackageProductDependency;
			productName = FirebaseAuth;
		};
		C76D5AD22D171CA4008770F9 /* FirebaseFirestore */ = {
			isa = XCSwiftPackageProductDependency;
			productName = FirebaseFirestore;
		};
		C79783282D15CD9C00A143CA /* FirebaseAnalytics */ = {
			isa = XCSwiftPackageProductDependency;
			package = C798FCED2D15C5380029A9B9 /* XCRemoteSwiftPackageReference "firebase-ios-sdk" */;
			productName = FirebaseAnalytics;
		};
		C797832A2D15CD9C00A143CA /* FirebaseAnalyticsOnDeviceConversion */ = {
			isa = XCSwiftPackageProductDependency;
			package = C798FCED2D15C5380029A9B9 /* XCRemoteSwiftPackageReference "firebase-ios-sdk" */;
			productName = FirebaseAnalyticsOnDeviceConversion;
		};
		C797832C2D15CD9C00A143CA /* FirebaseAnalyticsWithoutAdIdSupport */ = {
			isa = XCSwiftPackageProductDependency;
			package = C798FCED2D15C5380029A9B9 /* XCRemoteSwiftPackageReference "firebase-ios-sdk" */;
			productName = FirebaseAnalyticsWithoutAdIdSupport;
		};
		C797832E2D15CD9C00A143CA /* FirebaseAppCheck */ = {
			isa = XCSwiftPackageProductDependency;
			package = C798FCED2D15C5380029A9B9 /* XCRemoteSwiftPackageReference "firebase-ios-sdk" */;
			productName = FirebaseAppCheck;
		};
		C79783302D15CD9C00A143CA /* FirebaseAppDistribution-Beta */ = {
			isa = XCSwiftPackageProductDependency;
			package = C798FCED2D15C5380029A9B9 /* XCRemoteSwiftPackageReference "firebase-ios-sdk" */;
			productName = "FirebaseAppDistribution-Beta";
		};
		C79783362D15D4B400A143CA /* GoogleSignIn */ = {
			isa = XCSwiftPackageProductDependency;
			package = C79783352D15D4B400A143CA /* XCRemoteSwiftPackageReference "GoogleSignIn-iOS" */;
			productName = GoogleSignIn;
		};
		C79783382D15D4B400A143CA /* GoogleSignInSwift */ = {
			isa = XCSwiftPackageProductDependency;
			package = C79783352D15D4B400A143CA /* XCRemoteSwiftPackageReference "GoogleSignIn-iOS" */;
			productName = GoogleSignInSwift;
		};
/* End XCSwiftPackageProductDependency section */
	};
	rootObject = C7AAD8832CA8149C00E7FF31 /* Project object */;
}
